
Microsoft Visual Studio Solution File, Format Version 12.00
# Visual Studio 15
Project("{FAE04EC0-301F-11D3-BF4B-00C04F79EFBC}") = "Assembly-CSharp", "Assembly-CSharp.csproj", "{FFEADFF7-B99F-A6A2-42EA-9608DEAFC757}"
EndProject
Project("{FAE04EC0-301F-11D3-BF4B-00C04F79EFBC}") = "Unity.ML-Agents.CommunicatorObjects", "Unity.ML-Agents.CommunicatorObjects.csproj", "{51D7E1B4-D73A-BC56-B90C-C6D11D23E96E}"
EndProject
Project("{FAE04EC0-301F-11D3-BF4B-00C04F79EFBC}") = "Unity.ML-Agents", "Unity.ML-Agents.csproj", "{8A58B8B1-61D9-35D1-B62F-1D11BA599419}"
EndProject
Project("{FAE04EC0-301F-11D3-BF4B-00C04F79EFBC}") = "Assembly-CSharp-Editor", "Assembly-CSharp-Editor.csproj", "{990538C1-58DB-62C4-233B-3424500270E2}"
EndProject
Project("{FAE04EC0-301F-11D3-BF4B-00C04F79EFBC}") = "Unity.ML-Agents.Editor", "Unity.ML-Agents.Editor.csproj", "{013C5494-C0B5-E2C7-B9B0-3793637AB498}"
EndProject
Global
	GlobalSection(SolutionConfigurationPlatforms) = preSolution
		Debug|Any CPU = Debug|Any CPU
		Release|Any CPU = Release|Any CPU
	EndGlobalSection
	GlobalSection(ProjectConfigurationPlatforms) = postSolution
		{FFEADFF7-B99F-A6A2-42EA-9608DEAFC757}.Debug|Any CPU.ActiveCfg = Debug|Any CPU
		{FFEADFF7-B99F-A6A2-42EA-9608DEAFC757}.Debug|Any CPU.Build.0 = Debug|Any CPU
		{FFEADFF7-B99F-A6A2-42EA-9608DEAFC757}.Release|Any CPU.ActiveCfg = Release|Any CPU
		{FFEADFF7-B99F-A6A2-42EA-9608DEAFC757}.Release|Any CPU.Build.0 = Release|Any CPU
		{51D7E1B4-D73A-BC56-B90C-C6D11D23E96E}.Debug|Any CPU.ActiveCfg = Debug|Any CPU
		{51D7E1B4-D73A-BC56-B90C-C6D11D23E96E}.Debug|Any CPU.Build.0 = Debug|Any CPU
		{51D7E1B4-D73A-BC56-B90C-C6D11D23E96E}.Release|Any CPU.ActiveCfg = Release|Any CPU
		{51D7E1B4-D73A-BC56-B90C-C6D11D23E96E}.Release|Any CPU.Build.0 = Release|Any CPU
		{8A58B8B1-61D9-35D1-B62F-1D11BA599419}.Debug|Any CPU.ActiveCfg = Debug|Any CPU
		{8A58B8B1-61D9-35D1-B62F-1D11BA599419}.Debug|Any CPU.Build.0 = Debug|Any CPU
		{8A58B8B1-61D9-35D1-B62F-1D11BA599419}.Release|Any CPU.ActiveCfg = Release|Any CPU
		{8A58B8B1-61D9-35D1-B62F-1D11BA599419}.Release|Any CPU.Build.0 = Release|Any CPU
		{990538C1-58DB-62C4-233B-3424500270E2}.Debug|Any CPU.ActiveCfg = Debug|Any CPU
		{990538C1-58DB-62C4-233B-3424500270E2}.Debug|Any CPU.Build.0 = Debug|Any CPU
		{990538C1-58DB-62C4-233B-3424500270E2}.Release|Any CPU.ActiveCfg = Release|Any CPU
		{990538C1-58DB-62C4-233B-3424500270E2}.Release|Any CPU.Build.0 = Release|Any CPU
		{013C5494-C0B5-E2C7-B9B0-3793637AB498}.Debug|Any CPU.ActiveCfg = Debug|Any CPU
		{013C5494-C0B5-E2C7-B9B0-3793637AB498}.Debug|Any CPU.Build.0 = Debug|Any CPU
		{013C5494-C0B5-E2C7-B9B0-3793637AB498}.Release|Any CPU.ActiveCfg = Release|Any CPU
		{013C5494-C0B5-E2C7-B9B0-3793637AB498}.Release|Any CPU.Build.0 = Release|Any CPU
	EndGlobalSection
	GlobalSection(SolutionProperties) = preSolution
		HideSolutionNode = FALSE
	EndGlobalSection
EndGlobal
